<Solution>
  <Folder Name="/src/">
    <Project Path="src/Recorrencia.Api/Recorrencia.Api.csproj" />
    <Project Path="src/Recorrencia.Db/Recorrencia.Db.csproj" />
    <Project Path="src/Recorrencia.Domain/Recorrencia.Domain.csproj" />
  </Folder>
  <Folder Name="/tests/">
    <Project Path="tests/Recorrencia.Api.Tests/Recorrencia.Api.Tests.csproj" />
    <Project Path="tests/Recorrencia.Db.Tests/Recorrencia.Db.Tests.csproj" />
    <Project Path="tests/Recorrencia.Domain.Tests/Recorrencia.Domain.Tests.csproj" />
    <Project Path="tests/Recorrencia.TestSupport/Recorrencia.TestSupport.csproj" />
  </Folder>
</Solution>
